
Microsoft Visual Studio Solution File, Format Version 12.00
# Visual Studio Version 16
VisualStudioVersion = 16.0.34931.43
MinimumVisualStudioVersion = 10.0.40219.1
Project("{8BC9CEB8-8B4A-11D0-8D11-00A0C91BC942}") = "CrystalReportWrapper", "CrystalReportWrapper\CrystalReportWrapper.vcxproj", "{E6841697-0094-42C5-A6EE-AD4ED602261A}"
EndProject
Project("{8BC9CEB8-8B4A-11D0-8D11-00A0C91BC942}") = "CMFCAppDlg", "CMFCAppDlg\CMFCAppDlg.vcxproj", "{D03536B7-69F3-497A-8E4E-B41E178F211B}"
EndProject
Project("{FAE04EC0-301F-11D3-BF4B-00C04F79EFBC}") = "CrystalFormsTest", "CrystalFormsTest\CrystalFormsTest.csproj", "{61B1FC86-C01B-4D2B-BA9D-D553B48D2502}"
EndProject
Global
	GlobalSection(SolutionConfigurationPlatforms) = preSolution
		Debug|Any CPU = Debug|Any CPU
		Debug|x64 = Debug|x64
		Debug|x86 = Debug|x86
		Release|Any CPU = Release|Any CPU
		Release|x64 = Release|x64
		Release|x86 = Release|x86
	EndGlobalSection
	GlobalSection(ProjectConfigurationPlatforms) = postSolution
		{E6841697-0094-42C5-A6EE-AD4ED602261A}.Debug|Any CPU.ActiveCfg = Debug|Win32
		{E6841697-0094-42C5-A6EE-AD4ED602261A}.Debug|x64.ActiveCfg = Debug|x64
		{E6841697-0094-42C5-A6EE-AD4ED602261A}.Debug|x64.Build.0 = Debug|x64
		{E6841697-0094-42C5-A6EE-AD4ED602261A}.Debug|x86.ActiveCfg = Debug|Win32
		{E6841697-0094-42C5-A6EE-AD4ED602261A}.Debug|x86.Build.0 = Debug|Win32
		{E6841697-0094-42C5-A6EE-AD4ED602261A}.Release|Any CPU.ActiveCfg = Release|Win32
		{E6841697-0094-42C5-A6EE-AD4ED602261A}.Release|x64.ActiveCfg = Release|x64
		{E6841697-0094-42C5-A6EE-AD4ED602261A}.Release|x64.Build.0 = Release|x64
		{E6841697-0094-42C5-A6EE-AD4ED602261A}.Release|x86.ActiveCfg = Release|Win32
		{E6841697-0094-42C5-A6EE-AD4ED602261A}.Release|x86.Build.0 = Release|Win32
		{D03536B7-69F3-497A-8E4E-B41E178F211B}.Debug|Any CPU.ActiveCfg = Debug|Win32
		{D03536B7-69F3-497A-8E4E-B41E178F211B}.Debug|x64.ActiveCfg = Debug|x64
		{D03536B7-69F3-497A-8E4E-B41E178F211B}.Debug|x64.Build.0 = Debug|x64
		{D03536B7-69F3-497A-8E4E-B41E178F211B}.Debug|x86.ActiveCfg = Debug|Win32
		{D03536B7-69F3-497A-8E4E-B41E178F211B}.Debug|x86.Build.0 = Debug|Win32
		{D03536B7-69F3-497A-8E4E-B41E178F211B}.Release|Any CPU.ActiveCfg = Release|Win32
		{D03536B7-69F3-497A-8E4E-B41E178F211B}.Release|x64.ActiveCfg = Release|x64
		{D03536B7-69F3-497A-8E4E-B41E178F211B}.Release|x64.Build.0 = Release|x64
		{D03536B7-69F3-497A-8E4E-B41E178F211B}.Release|x86.ActiveCfg = Release|Win32
		{D03536B7-69F3-497A-8E4E-B41E178F211B}.Release|x86.Build.0 = Release|Win32
		{61B1FC86-C01B-4D2B-BA9D-D553B48D2502}.Debug|Any CPU.ActiveCfg = Debug|Any CPU
		{61B1FC86-C01B-4D2B-BA9D-D553B48D2502}.Debug|Any CPU.Build.0 = Debug|Any CPU
		{61B1FC86-C01B-4D2B-BA9D-D553B48D2502}.Debug|x64.ActiveCfg = Debug|Any CPU
		{61B1FC86-C01B-4D2B-BA9D-D553B48D2502}.Debug|x64.Build.0 = Debug|Any CPU
		{61B1FC86-C01B-4D2B-BA9D-D553B48D2502}.Debug|x86.ActiveCfg = Debug|Any CPU
		{61B1FC86-C01B-4D2B-BA9D-D553B48D2502}.Debug|x86.Build.0 = Debug|Any CPU
		{61B1FC86-C01B-4D2B-BA9D-D553B48D2502}.Release|Any CPU.ActiveCfg = Release|Any CPU
		{61B1FC86-C01B-4D2B-BA9D-D553B48D2502}.Release|Any CPU.Build.0 = Release|Any CPU
		{61B1FC86-C01B-4D2B-BA9D-D553B48D2502}.Release|x64.ActiveCfg = Release|Any CPU
		{61B1FC86-C01B-4D2B-BA9D-D553B48D2502}.Release|x64.Build.0 = Release|Any CPU
		{61B1FC86-C01B-4D2B-BA9D-D553B48D2502}.Release|x86.ActiveCfg = Release|Any CPU
		{61B1FC86-C01B-4D2B-BA9D-D553B48D2502}.Release|x86.Build.0 = Release|Any CPU
	EndGlobalSection
	GlobalSection(SolutionProperties) = preSolution
		HideSolutionNode = FALSE
	EndGlobalSection
	GlobalSection(ExtensibilityGlobals) = postSolution
		SolutionGuid = {CC855BC1-DA67-4579-A867-4CF639E57494}
	EndGlobalSection
EndGlobal
